
Microsoft Visual Studio Solution File, Format Version 12.00
# Visual Studio 15
VisualStudioVersion = 15.0.28307.572
MinimumVisualStudioVersion = 10.0.40219.1
Project("{FAE04EC0-301F-11D3-BF4B-00C04F79EFBC}") = "test2", "test2\test2.csproj", "{8E79EF7A-6ED9-4BAD-A4ED-DD95A380A57D}"
EndProject
Global
	GlobalSection(SolutionConfigurationPlatforms) = preSolution
		Debug|Any CPU = Debug|Any CPU
		Release|Any CPU = Release|Any CPU
	EndGlobalSection
	GlobalSection(ProjectConfigurationPlatforms) = postSolution
		{8E79EF7A-6ED9-4BAD-A4ED-DD95A380A57D}.Debug|Any CPU.ActiveCfg = Debug|Any CPU
		{8E79EF7A-6ED9-4BAD-A4ED-DD95A380A57D}.Debug|Any CPU.Build.0 = Debug|Any CPU
		{8E79EF7A-6ED9-4BAD-A4ED-DD95A380A57D}.Debug|Any CPU.Deploy.0 = Debug|Any CPU
		{8E79EF7A-6ED9-4BAD-A4ED-DD95A380A57D}.Release|Any CPU.ActiveCfg = Release|Any CPU
		{8E79EF7A-6ED9-4BAD-A4ED-DD95A380A57D}.Release|Any CPU.Build.0 = Release|Any CPU
		{8E79EF7A-6ED9-4BAD-A4ED-DD95A380A57D}.Release|Any CPU.Deploy.0 = Release|Any CPU
	EndGlobalSection
	GlobalSection(SolutionProperties) = preSolution
		HideSolutionNode = FALSE
	EndGlobalSection
	GlobalSection(ExtensibilityGlobals) = postSolution
		SolutionGuid = {4C0C4E38-33B0-4591-BBBE-3D1F1E368256}
	EndGlobalSection
EndGlobal
